
Microsoft Visual Studio Solution File, Format Version 12.00
# Visual Studio Version 17
VisualStudioVersion = 17.8.34309.116
MinimumVisualStudioVersion = 10.0.40219.1
Project("{FAE04EC0-301F-11D3-BF4B-00C04F79EFBC}") = "BROOKLYN.API", "BROOKLYN.API\BROOKLYN.API.csproj", "{65D15D86-AA60-4EE7-8057-1DEB365FF0A6}"
EndProject
Project("{FAE04EC0-301F-11D3-BF4B-00C04F79EFBC}") = "BROOKLYN.SHARED", "BROOKLYN.SHARED\BROOKLYN.SHARED.csproj", "{4F4073B4-516C-4000-8086-959E80CB3A71}"
EndProject
Project("{FAE04EC0-301F-11D3-BF4B-00C04F79EFBC}") = "BROOKLYN.WEB", "BROOKLYN.WEB\BROOKLYN.WEB.csproj", "{593A8699-EE37-4F1F-8B83-3D19A33A6FA3}"
EndProject
Global
	GlobalSection(SolutionConfigurationPlatforms) = preSolution
		Debug|Any CPU = Debug|Any CPU
		Release|Any CPU = Release|Any CPU
	EndGlobalSection
	GlobalSection(ProjectConfigurationPlatforms) = postSolution
		{65D15D86-AA60-4EE7-8057-1DEB365FF0A6}.Debug|Any CPU.ActiveCfg = Debug|Any CPU
		{65D15D86-AA60-4EE7-8057-1DEB365FF0A6}.Debug|Any CPU.Build.0 = Debug|Any CPU
		{65D15D86-AA60-4EE7-8057-1DEB365FF0A6}.Release|Any CPU.ActiveCfg = Release|Any CPU
		{65D15D86-AA60-4EE7-8057-1DEB365FF0A6}.Release|Any CPU.Build.0 = Release|Any CPU
		{4F4073B4-516C-4000-8086-959E80CB3A71}.Debug|Any CPU.ActiveCfg = Debug|Any CPU
		{4F4073B4-516C-4000-8086-959E80CB3A71}.Debug|Any CPU.Build.0 = Debug|Any CPU
		{4F4073B4-516C-4000-8086-959E80CB3A71}.Release|Any CPU.ActiveCfg = Release|Any CPU
		{4F4073B4-516C-4000-8086-959E80CB3A71}.Release|Any CPU.Build.0 = Release|Any CPU
		{593A8699-EE37-4F1F-8B83-3D19A33A6FA3}.Debug|Any CPU.ActiveCfg = Debug|Any CPU
		{593A8699-EE37-4F1F-8B83-3D19A33A6FA3}.Debug|Any CPU.Build.0 = Debug|Any CPU
		{593A8699-EE37-4F1F-8B83-3D19A33A6FA3}.Release|Any CPU.ActiveCfg = Release|Any CPU
		{593A8699-EE37-4F1F-8B83-3D19A33A6FA3}.Release|Any CPU.Build.0 = Release|Any CPU
	EndGlobalSection
	GlobalSection(SolutionProperties) = preSolution
		HideSolutionNode = FALSE
	EndGlobalSection
	GlobalSection(ExtensibilityGlobals) = postSolution
		SolutionGuid = {346BD2E6-8070-4DE2-9F82-439F54592681}
	EndGlobalSection
EndGlobal
